Microsoft Visual Studio Solution File, Format Version 12.00
# Visual Studio Version 17
VisualStudioVersion = 17.5.2.0
MinimumVisualStudioVersion = 10.0.40219.1
Project("{FAE04EC0-301F-11D3-BF4B-00C04F79EFBC}") = "TheKeySystem", "TheKeySystem.csproj", "{7B74D6A5-A2E0-A729-1A84-3065DDC1E5B3}"
EndProject
Global
	GlobalSection(SolutionConfigurationPlatforms) = preSolution
		Debug|Any CPU = Debug|Any CPU
		Release|Any CPU = Release|Any CPU
	EndGlobalSection
	GlobalSection(ProjectConfigurationPlatforms) = postSolution
		{7B74D6A5-A2E0-A729-1A84-3065DDC1E5B3}.Debug|Any CPU.ActiveCfg = Debug|Any CPU
		{7B74D6A5-A2E0-A729-1A84-3065DDC1E5B3}.Debug|Any CPU.Build.0 = Debug|Any CPU
		{7B74D6A5-A2E0-A729-1A84-3065DDC1E5B3}.Release|Any CPU.ActiveCfg = Release|Any CPU
		{7B74D6A5-A2E0-A729-1A84-3065DDC1E5B3}.Release|Any CPU.Build.0 = Release|Any CPU
	EndGlobalSection
	GlobalSection(SolutionProperties) = preSolution
		HideSolutionNode = FALSE
	EndGlobalSection
	GlobalSection(ExtensibilityGlobals) = postSolution
		SolutionGuid = {B76C0ABD-27DC-4574-AE8A-7638A3203E88}
	EndGlobalSection
EndGlobal
